{
    "_meta": {
        "hash": {
            "sha256": "967b165732e86762525041d0ffaf3febfe2aa281a61e9e9e9fb51831398b9703"
        },
        "pipfile-spec": 6,
        "requires": {
            "python_version": "3.10"
        },
        "sources": [
            {
                "name": "pypi",
                "url": "https://pypi.org/simple",
                "verify_ssl": true
            }
        ]
    },
    "default": {},
    "develop": {}
}
